<?xml version="1.0" encoding="utf-8"?>
<Project ToolsVersion="4.0" xmlns="http://schemas.microsoft.com/developer/msbuild/2003">
  <ItemGroup>
    <Filter Include="Engine">
      <UniqueIdentifier>{bf7becbc-c9a6-4671-8262-0472d74df6ce}</UniqueIdentifier>
    </Filter>
    <Filter Include="FortniteGame">
      <UniqueIdentifier>{6163c326-ccb9-405d-bcd3-285bb8e42761}</UniqueIdentifier>
    </Filter>
    <Filter Include="SDK">
      <UniqueIdentifier>{1f3513e2-ed8b-455e-b1bb-1c8cdcb06c23}</UniqueIdentifier>
    </Filter>
    <Filter Include="FortniteGame\Public">
      <UniqueIdentifier>{3db3a7d0-ca7f-418b-ac3c-22d6bd87cefe}</UniqueIdentifier>
    </Filter>
    <Filter Include="FortniteGame\Private">
      <UniqueIdentifier>{eddd993d-663c-4098-a1ec-960e7587b0d9}</UniqueIdentifier>
    </Filter>
    <Filter Include="Engine\Public">
      <UniqueIdentifier>{c9e77765-4e37-4a06-b72c-c9173309dfae}</UniqueIdentifier>
    </Filter>
    <Filter Include="Engine\Private">
      <UniqueIdentifier>{a647eefd-ad53-4a26-91ba-10fc2bdcca6c}</UniqueIdentifier>
    </Filter>
    <Filter Include="Erbium">
      <UniqueIdentifier>{afda8d3f-3d51-4a54-bec0-d24f09a82185}</UniqueIdentifier>
    </Filter>
    <Filter Include="Erbium\Public">
      <UniqueIdentifier>{238110df-e487-4b31-bb57-26993e6458be}</UniqueIdentifier>
    </Filter>
    <Filter Include="Erbium\Private">
      <UniqueIdentifier>{cbee2d3e-a608-4025-842c-261bc8d3e0d4}</UniqueIdentifier>
    </Filter>
    <Filter Include="ImGui">
      <UniqueIdentifier>{2665ea75-93ff-4597-8707-9410bd0d274e}</UniqueIdentifier>
    </Filter>
    <Filter Include="Erbium\Plugins">
      <UniqueIdentifier>{4af572c3-6755-426f-82bc-162a2c99ac4d}</UniqueIdentifier>
    </Filter>
    <Filter Include="Erbium\Plugins\CrashReporter">
      <UniqueIdentifier>{f7026405-45f3-4758-a907-0396dab4c10a}</UniqueIdentifier>
    </Filter>
    <Filter Include="Erbium\Plugins\CrashReporter\Public">
      <UniqueIdentifier>{c2714c94-6944-46ba-ba80-98b663df8766}</UniqueIdentifier>
    </Filter>
    <Filter Include="Erbium\Plugins\CrashReporter\Private">
      <UniqueIdentifier>{b6e07165-4ce4-4e5b-b75a-897e3c381e85}</UniqueIdentifier>
    </Filter>
  </ItemGroup>
  <ItemGroup>
    <ClInclude Include="framework.h">
      <Filter>Erbium\Public</Filter>
    </ClInclude>
    <ClInclude Include="pch.h">
      <Filter>Erbium\Public</Filter>
    </ClInclude>
    <ClInclude Include="FortniteGame\Public\FortGameStateAthena.h">
      <Filter>FortniteGame\Public</Filter>
    </ClInclude>
    <ClInclude Include="FortniteGame\Public\FortInventory.h">
      <Filter>FortniteGame\Public</Filter>
    </ClInclude>
    <ClInclude Include="FortniteGame\Public\FortKismetLibrary.h">
      <Filter>FortniteGame\Public</Filter>
    </ClInclude>
    <ClInclude Include="FortniteGame\Public\FortMissionLibrary.h">
      <Filter>FortniteGame\Public</Filter>
    </ClInclude>
    <ClInclude Include="FortniteGame\Public\FortPlayerControllerAthena.h">
      <Filter>FortniteGame\Public</Filter>
    </ClInclude>
    <ClInclude Include="FortniteGame\Public\FortPlayerPawnAthena.h">
      <Filter>FortniteGame\Public</Filter>
    </ClInclude>
    <ClInclude Include="FortniteGame\Public\FortPlayerStateAthena.h">
      <Filter>FortniteGame\Public</Filter>
    </ClInclude>
    <ClInclude Include="FortniteGame\Public\FortPlaylistAthena.h">
      <Filter>FortniteGame\Public</Filter>
    </ClInclude>
    <ClInclude Include="FortniteGame\Public\FortSafeZoneIndicator.h">
      <Filter>FortniteGame\Public</Filter>
    </ClInclude>
    <ClInclude Include="FortniteGame\Public\LevelStreamingDynamic.h">
      <Filter>FortniteGame\Public</Filter>
    </ClInclude>
    <ClInclude Include="FortniteGame\Public\BuildingFoundation.h">
      <Filter>FortniteGame\Public</Filter>
    </ClInclude>
    <ClInclude Include="FortniteGame\Public\FortGameMode.h">
      <Filter>FortniteGame\Public</Filter>
    </ClInclude>
    <ClInclude Include="FortniteGame\Public\FortGameSessionAthena.h">
      <Filter>FortniteGame\Public</Filter>
    </ClInclude>
    <ClInclude Include="Engine\Public\AbilitySystemComponent.h">
      <Filter>Engine\Public</Filter>
    </ClInclude>
    <ClInclude Include="Engine\Public\CurveTable.h">
      <Filter>Engine\Public</Filter>
    </ClInclude>
    <ClInclude Include="Engine\Public\DataTable.h">
      <Filter>Engine\Public</Filter>
    </ClInclude>
    <ClInclude Include="Engine\Public\DataTableFunctionLibrary.h">
      <Filter>Engine\Public</Filter>
    </ClInclude>
    <ClInclude Include="Engine\Public\NetDriver.h">
      <Filter>Engine\Public</Filter>
    </ClInclude>
    <ClInclude Include="FortniteGame\Public\BuildingSMActor.h">
      <Filter>FortniteGame\Public</Filter>
    </ClInclude>
    <ClInclude Include="Erbium\Public\Configuration.h">
      <Filter>Erbium\Public</Filter>
    </ClInclude>
    <ClInclude Include="Erbium\Public\Finders.h">
      <Filter>Erbium\Public</Filter>
    </ClInclude>
    <ClInclude Include="Erbium\Public\Misc.h">
      <Filter>Erbium\Public</Filter>
    </ClInclude>
    <ClInclude Include="Erbium\Public\Utils.h">
      <Filter>Erbium\Public</Filter>
    </ClInclude>
    <ClInclude Include="FortniteGame\Public\FortWeapon.h">
      <Filter>FortniteGame\Public</Filter>
    </ClInclude>
    <ClInclude Include="FortniteGame\Public\GameplayTagContainer.h">
      <Filter>FortniteGame\Public</Filter>
    </ClInclude>
    <ClInclude Include="FortniteGame\Public\FortLootPackage.h">
      <Filter>FortniteGame\Public</Filter>
    </ClInclude>
    <ClInclude Include="FortniteGame\Public\BuildingContainer.h">
      <Filter>FortniteGame\Public</Filter>
    </ClInclude>
    <ClInclude Include="Erbium\Public\LateGame.h">
      <Filter>Erbium\Public</Filter>
    </ClInclude>
    <ClInclude Include="FortniteGame\Public\BuildingItemCollectorActor.h">
      <Filter>FortniteGame\Public</Filter>
    </ClInclude>
    <ClInclude Include="Erbium\Public\Events.h">
      <Filter>Erbium\Public</Filter>
    </ClInclude>
    <ClInclude Include="FortniteGame\Public\FortPhysicsPawn.h">
      <Filter>FortniteGame\Public</Filter>
    </ClInclude>
    <ClInclude Include="Erbium\Public\GUI.h">
      <Filter>Erbium\Public</Filter>
    </ClInclude>
    <ClInclude Include="ImGui\imgui_impl_win32.h">
      <Filter>ImGui</Filter>
    </ClInclude>
    <ClInclude Include="ImGui\imgui_internal.h">
      <Filter>ImGui</Filter>
    </ClInclude>
    <ClInclude Include="ImGui\imstb_rectpack.h">
      <Filter>ImGui</Filter>
    </ClInclude>
    <ClInclude Include="ImGui\imstb_textedit.h">
      <Filter>ImGui</Filter>
    </ClInclude>
    <ClInclude Include="ImGui\imstb_truetype.h">
      <Filter>ImGui</Filter>
    </ClInclude>
    <ClInclude Include="ImGui\imconfig.h">
      <Filter>ImGui</Filter>
    </ClInclude>
    <ClInclude Include="ImGui\imgui.h">
      <Filter>ImGui</Filter>
    </ClInclude>
    <ClInclude Include="ImGui\imgui_impl_dx11.h">
      <Filter>ImGui</Filter>
    </ClInclude>
    <ClInclude Include="Erbium\Plugins\CrashReporter\Public\CrashReporter.h">
      <Filter>Erbium\Plugins\CrashReporter\Public</Filter>
    </ClInclude>
    <ClInclude Include="FortniteGame\Public\FortAthenaMutator.h">
      <Filter>FortniteGame\Public</Filter>
    </ClInclude>
    <ClInclude Include="FortniteGame\Public\BattleRoyaleGamePhaseLogic.h">
      <Filter>FortniteGame\Public</Filter>
    </ClInclude>
    <ClInclude Include="FortniteGame\Public\FortAthenaCreativePortal.h">
      <Filter>FortniteGame\Public</Filter>
    </ClInclude>
    <ClInclude Include="FortniteGame\Public\FortVolume.h">
      <Filter>FortniteGame\Public</Filter>
    </ClInclude>
    <ClInclude Include="FortniteGame\Public\FortMinigame.h">
      <Filter>FortniteGame\Public</Filter>
    </ClInclude>
    <ClInclude Include="FortniteGame\Public\FortCheatManager.h">
      <Filter>FortniteGame\Public</Filter>
    </ClInclude>
    <ClInclude Include="FortniteGame\Public\FortQuestManager.h">
      <Filter>FortniteGame\Public</Filter>
    </ClInclude>
    <ClInclude Include="..\SDK\Includes.h">
      <Filter>SDK</Filter>
    </ClInclude>
    <ClInclude Include="..\SDK\Memcury.h">
      <Filter>SDK</Filter>
    </ClInclude>
    <ClInclude Include="..\SDK\Offsets.h">
      <Filter>SDK</Filter>
    </ClInclude>
    <ClInclude Include="..\SDK\Containers.h">
      <Filter>SDK</Filter>
    </ClInclude>
    <ClInclude Include="..\SDK\Core.h">
      <Filter>SDK</Filter>
    </ClInclude>
    <ClInclude Include="..\SDK\Defs.h">
      <Filter>SDK</Filter>
    </ClInclude>
    <ClInclude Include="..\SDK\Engine.h">
      <Filter>SDK</Filter>
    </ClInclude>
    <ClInclude Include="Erbium\Public\table64.hpp">
      <Filter>Erbium\Public</Filter>
    </ClInclude>
    <ClInclude Include="Erbium\Public\hde64.hpp">
      <Filter>Erbium\Public</Filter>
    </ClInclude>
    <ClInclude Include="Erbium\Public\Hooking.hpp">
      <Filter>Erbium\Public</Filter>
    </ClInclude>
    <ClInclude Include="FortniteGame\Public\FortAthenaSpawningPolicyManager.h">
      <Filter>FortniteGame\Public</Filter>
    </ClInclude>
    <ClInclude Include="FortniteGame\Public\FortVehicleSeatWeaponComponent.h" />
    <ClInclude Include="libcurl\curl.h" />
    <ClInclude Include="libcurl\curlver.h" />
    <ClInclude Include="libcurl\easy.h" />
    <ClInclude Include="libcurl\header.h" />
    <ClInclude Include="libcurl\mprintf.h" />
    <ClInclude Include="libcurl\multi.h" />
    <ClInclude Include="libcurl\options.h" />
    <ClInclude Include="libcurl\stdcheaders.h" />
    <ClInclude Include="libcurl\system.h" />
    <ClInclude Include="libcurl\typecheck-gcc.h" />
    <ClInclude Include="libcurl\urlapi.h" />
    <ClInclude Include="matchmaker.h">
      <Filter>Erbium\Public</Filter>
    </ClInclude>
    <ClInclude Include="Spawns.h">
      <Filter>Erbium\Public</Filter>
    </ClInclude>
  </ItemGroup>
  <ItemGroup>
    <ClCompile Include="Erbium\Private\dllmain.cpp">
      <Filter>Erbium\Private</Filter>
    </ClCompile>
    <ClCompile Include="Erbium\Private\Misc.cpp">
      <Filter>Erbium\Private</Filter>
    </ClCompile>
    <ClCompile Include="pch.cpp">
      <Filter>Erbium\Private</Filter>
    </ClCompile>
    <ClCompile Include="FortniteGame\Private\FortGameMode.cpp">
      <Filter>FortniteGame\Private</Filter>
    </ClCompile>
    <ClCompile Include="FortniteGame\Private\FortInventory.cpp">
      <Filter>FortniteGame\Private</Filter>
    </ClCompile>
    <ClCompile Include="FortniteGame\Private\FortMissionLibrary.cpp">
      <Filter>FortniteGame\Private</Filter>
    </ClCompile>
    <ClCompile Include="FortniteGame\Private\FortPlayerControllerAthena.cpp">
      <Filter>FortniteGame\Private</Filter>
    </ClCompile>
    <ClCompile Include="FortniteGame\Private\BuildingFoundation.cpp">
      <Filter>FortniteGame\Private</Filter>
    </ClCompile>
    <ClCompile Include="Engine\Private\AbilitySystemComponent.cpp">
      <Filter>Engine\Private</Filter>
    </ClCompile>
    <ClCompile Include="Engine\Private\NetDriver.cpp">
      <Filter>Engine\Private</Filter>
    </ClCompile>
    <ClCompile Include="FortniteGame\Private\FortPlayerPawnAthena.cpp">
      <Filter>FortniteGame\Private</Filter>
    </ClCompile>
    <ClCompile Include="FortniteGame\Private\BuildingSMActor.cpp">
      <Filter>FortniteGame\Private</Filter>
    </ClCompile>
    <ClCompile Include="FortniteGame\Private\FortLootPackage.cpp">
      <Filter>FortniteGame\Private</Filter>
    </ClCompile>
    <ClCompile Include="FortniteGame\Private\FortKismetLibrary.cpp">
      <Filter>FortniteGame\Private</Filter>
    </ClCompile>
    <ClCompile Include="Erbium\Private\LateGame.cpp">
      <Filter>Erbium\Private</Filter>
    </ClCompile>
    <ClCompile Include="FortniteGame\Private\FortPhysicsPawn.cpp">
      <Filter>FortniteGame\Private</Filter>
    </ClCompile>
    <ClCompile Include="Erbium\Private\Events.cpp">
      <Filter>Erbium\Private</Filter>
    </ClCompile>
    <ClCompile Include="Erbium\Private\Finders.cpp">
      <Filter>Erbium\Private</Filter>
    </ClCompile>
    <ClCompile Include="Erbium\Private\GUI.cpp">
      <Filter>Erbium\Private</Filter>
    </ClCompile>
    <ClCompile Include="ImGui\imgui_draw.cpp">
      <Filter>ImGui</Filter>
    </ClCompile>
    <ClCompile Include="ImGui\imgui_impl_win32.cpp">
      <Filter>ImGui</Filter>
    </ClCompile>
    <ClCompile Include="ImGui\imgui_tables.cpp">
      <Filter>ImGui</Filter>
    </ClCompile>
    <ClCompile Include="ImGui\imgui_widgets.cpp">
      <Filter>ImGui</Filter>
    </ClCompile>
    <ClCompile Include="ImGui\imgui.cpp">
      <Filter>ImGui</Filter>
    </ClCompile>
    <ClCompile Include="ImGui\imgui_impl_dx11.cpp">
      <Filter>ImGui</Filter>
    </ClCompile>
    <ClCompile Include="Erbium\Plugins\CrashReporter\Private\CrashReporter.cpp">
      <Filter>Erbium\Plugins\CrashReporter\Private</Filter>
    </ClCompile>
    <ClCompile Include="FortniteGame\Private\FortAthenaMutator.cpp">
      <Filter>FortniteGame\Private</Filter>
    </ClCompile>
    <ClCompile Include="FortniteGame\Private\BattleRoyaleGamePhaseLogic.cpp">
      <Filter>FortniteGame\Private</Filter>
    </ClCompile>
    <ClCompile Include="FortniteGame\Private\FortAthenaCreativePortal.cpp">
      <Filter>FortniteGame\Private</Filter>
    </ClCompile>
    <ClCompile Include="FortniteGame\Private\FortMinigame.cpp">
      <Filter>FortniteGame\Private</Filter>
    </ClCompile>
    <ClCompile Include="FortniteGame\Private\FortQuestManager.cpp">
      <Filter>FortniteGame\Private</Filter>
    </ClCompile>
    <ClCompile Include="Erbium\Private\hde64.cpp">
      <Filter>Erbium\Private</Filter>
    </ClCompile>
    <ClCompile Include="Erbium\Private\Hooking.cpp">
      <Filter>Erbium\Private</Filter>
    </ClCompile>
    <ClCompile Include="FortniteGame\Private\FortVehicleSeatWeaponComponent.cpp" />
    <ClCompile Include="API.cpp">
      <Filter>Erbium\Private</Filter>
    </ClCompile>
    <ClCompile Include="Spawns.cpp">
      <Filter>Erbium\Private</Filter>
    </ClCompile>
  </ItemGroup>
  <ItemGroup>
    <Library Include="libcurl\libcurl.lib" />
    <Library Include="minhook.lib" />
    <Library Include="libcurl\zlib.lib" />
  </ItemGroup>
</Project>